// !$*UTF8*$!
{
	archiveVersion = 1;
	classes = {
	};
	objectVersion = 50;
	objects = {

/* Begin PBXBuildFile section */
		AAD9903C2113367D00CC0667 /* AppDelegate.swift in Sources */ = {isa = PBXBuildFile; fileRef = AAD9903B2113367D00CC0667 /* AppDelegate.swift */; };
		AAD9903E2113367D00CC0667 /* ViewController.swift in Sources */ = {isa = PBXBuildFile; fileRef = AAD9903D2113367D00CC0667 /* ViewController.swift */; };
		AAD990412113367D00CC0667 /* Main.storyboard in Resources */ = {isa = PBXBuildFile; fileRef = AAD9903F2113367D00CC0667 /* Main.storyboard */; };
		AAD990432113367E00CC0667 /* Assets.xcassets in Resources */ = {isa = PBXBuildFile; fileRef = AAD990422113367E00CC0667 /* Assets.xcassets */; };
		AAD990462113367E00CC0667 /* LaunchScreen.storyboard in Resources */ = {isa = PBXBuildFile; fileRef = AAD990442113367E00CC0667 /* LaunchScreen.storyboard */; };
		AAD9904E2113494E00CC0667 /* logo.png in Resources */ = {isa = PBXBuildFile; fileRef = AAD9904D2113494E00CC0667 /* logo.png */; };
		AAD990502113BCA400CC0667 /* group.png in Resources */ = {isa = PBXBuildFile; fileRef = AAD9904F2113BCA400CC0667 /* group.png */; };
		AAD990542113BE1900CC0667 /* places.png in Resources */ = {isa = PBXBuildFile; fileRef = AAD990532113BE1900CC0667 /* places.png */; };
		AAD990562113BF2100CC0667 /* tracker.png in Resources */ = {isa = PBXBuildFile; fileRef = AAD990552113BF2000CC0667 /* tracker.png */; };
		AAD990582113BFA700CC0667 /* emergency.png in Resources */ = {isa = PBXBuildFile; fileRef = AAD990572113BFA700CC0667 /* emergency.png */; };
		AAD9905A2113C1D800CC0667 /* picture.png in Resources */ = {isa = PBXBuildFile; fileRef = AAD990592113C1D800CC0667 /* picture.png */; };
		AAD9905C2113C30300CC0667 /* picturefemale.jpg in Resources */ = {isa = PBXBuildFile; fileRef = AAD9905B2113C30300CC0667 /* picturefemale.jpg */; };
/* End PBXBuildFile section */

/* Begin PBXFileReference section */
		AAD990382113367D00CC0667 /* iosApp.app */ = {isa = PBXFileReference; explicitFileType = wrapper.application; includeInIndex = 0; path = iosApp.app; sourceTree = BUILT_PRODUCTS_DIR; };
		AAD9903B2113367D00CC0667 /* AppDelegate.swift */ = {isa = PBXFileReference; lastKnownFileType = sourcecode.swift; path = AppDelegate.swift; sourceTree = "<group>"; };
		AAD9903D2113367D00CC0667 /* ViewController.swift */ = {isa = PBXFileReference; lastKnownFileType = sourcecode.swift; path = ViewController.swift; sourceTree = "<group>"; };
		AAD990402113367D00CC0667 /* Base */ = {isa = PBXFileReference; lastKnownFileType = file.storyboard; name = Base; path = Base.lproj/Main.storyboard; sourceTree = "<group>"; };
		AAD990422113367E00CC0667 /* Assets.xcassets */ = {isa = PBXFileReference; lastKnownFileType = folder.assetcatalog; path = Assets.xcassets; sourceTree = "<group>"; };
		AAD990452113367E00CC0667 /* Base */ = {isa = PBXFileReference; lastKnownFileType = file.storyboard; name = Base; path = Base.lproj/LaunchScreen.storyboard; sourceTree = "<group>"; };
		AAD990472113367E00CC0667 /* Info.plist */ = {isa = PBXFileReference; lastKnownFileType = text.plist.xml; path = Info.plist; sourceTree = "<group>"; };
		AAD9904D2113494E00CC0667 /* logo.png */ = {isa = PBXFileReference; lastKnownFileType = image.png; path = logo.png; sourceTree = "<group>"; };
		AAD9904F2113BCA400CC0667 /* group.png */ = {isa = PBXFileReference; lastKnownFileType = image.png; path = group.png; sourceTree = "<group>"; };
		AAD990532113BE1900CC0667 /* places.png */ = {isa = PBXFileReference; lastKnownFileType = image.png; path = places.png; sourceTree = "<group>"; };
		AAD990552113BF2000CC0667 /* tracker.png */ = {isa = PBXFileReference; lastKnownFileType = image.png; path = tracker.png; sourceTree = "<group>"; };
		AAD990572113BFA700CC0667 /* emergency.png */ = {isa = PBXFileReference; lastKnownFileType = image.png; path = emergency.png; sourceTree = "<group>"; };
		AAD990592113C1D800CC0667 /* picture.png */ = {isa = PBXFileReference; lastKnownFileType = image.png; path = picture.png; sourceTree = "<group>"; };
		AAD9905B2113C30300CC0667 /* picturefemale.jpg */ = {isa = PBXFileReference; lastKnownFileType = image.jpeg; path = picturefemale.jpg; sourceTree = "<group>"; };
/* End PBXFileReference section */

/* Begin PBXFrameworksBuildPhase section */
		AAD990352113367D00CC0667 /* Frameworks */ = {
			isa = PBXFrameworksBuildPhase;
			buildActionMask = 2147483647;
			files = (
			);
			runOnlyForDeploymentPostprocessing = 0;
		};
/* End PBXFrameworksBuildPhase section */

/* Begin PBXGroup section */
		AAD9902F2113367D00CC0667 = {
			isa = PBXGroup;
			children = (
				AAD9903A2113367D00CC0667 /* iosApp */,
				AAD990392113367D00CC0667 /* Products */,
			);
			sourceTree = "<group>";
		};
		AAD990392113367D00CC0667 /* Products */ = {
			isa = PBXGroup;
			children = (
				AAD990382113367D00CC0667 /* iosApp.app */,
			);
			name = Products;
			sourceTree = "<group>";
		};
		AAD9903A2113367D00CC0667 /* iosApp */ = {
			isa = PBXGroup;
			children = (
				AAD9905B2113C30300CC0667 /* picturefemale.jpg */,
				AAD990592113C1D800CC0667 /* picture.png */,
				AAD990572113BFA700CC0667 /* emergency.png */,
				AAD990552113BF2000CC0667 /* tracker.png */,
				AAD990532113BE1900CC0667 /* places.png */,
				AAD9904F2113BCA400CC0667 /* group.png */,
				AAD9904D2113494E00CC0667 /* logo.png */,
				AAD9903B2113367D00CC0667 /* AppDelegate.swift */,
				AAD9903D2113367D00CC0667 /* ViewController.swift */,
				AAD9903F2113367D00CC0667 /* Main.storyboard */,
				AAD990422113367E00CC0667 /* Assets.xcassets */,
				AAD990442113367E00CC0667 /* LaunchScreen.storyboard */,
				AAD990472113367E00CC0667 /* Info.plist */,
			);
			path = iosApp;
			sourceTree = "<group>";
		};
/* End PBXGroup section */

/* Begin PBXNativeTarget section */
		AAD990372113367D00CC0667 /* iosApp */ = {
			isa = PBXNativeTarget;
			buildConfigurationList = AAD9904A2113367E00CC0667 /* Build configuration list for PBXNativeTarget "iosApp" */;
			buildPhases = (
				AAD990342113367D00CC0667 /* Sources */,
				AAD990352113367D00CC0667 /* Frameworks */,
				AAD990362113367D00CC0667 /* Resources */,
			);
			buildRules = (
			);
			dependencies = (
			);
			name = iosApp;
			productName = iosApp;
			productReference = AAD990382113367D00CC0667 /* iosApp.app */;
			productType = "com.apple.product-type.application";
		};
/* End PBXNativeTarget section */

/* Begin PBXProject section */
		AAD990302113367D00CC0667 /* Project object */ = {
			isa = PBXProject;
			attributes = {
				LastSwiftUpdateCheck = 0940;
				LastUpgradeCheck = 0940;
				ORGANIZATIONNAME = "Mohsin Najmuddin";
				TargetAttributes = {
					AAD990372113367D00CC0667 = {
						CreatedOnToolsVersion = 9.4.1;
					};
				};
			};
			buildConfigurationList = AAD990332113367D00CC0667 /* Build configuration list for PBXProject "iosApp" */;
			compatibilityVersion = "Xcode 9.3";
			developmentRegion = en;
			hasScannedForEncodings = 0;
			knownRegions = (
				en,
				Base,
			);
			mainGroup = AAD9902F2113367D00CC0667;
			productRefGroup = AAD990392113367D00CC0667 /* Products */;
			projectDirPath = "";
			projectRoot = "";
			targets = (
				AAD990372113367D00CC0667 /* iosApp */,
			);
		};
/* End PBXProject section */

/* Begin PBXResourcesBuildPhase section */
		AAD990362113367D00CC0667 /* Resources */ = {
			isa = PBXResourcesBuildPhase;
			buildActionMask = 2147483647;
			files = (
				AAD990562113BF2100CC0667 /* tracker.png in Resources */,
				AAD990462113367E00CC0667 /* LaunchScreen.storyboard in Resources */,
				AAD9904E2113494E00CC0667 /* logo.png in Resources */,
				AAD990432113367E00CC0667 /* Assets.xcassets in Resources */,
				AAD9905C2113C30300CC0667 /* picturefemale.jpg in Resources */,
				AAD990502113BCA400CC0667 /* group.png in Resources */,
				AAD990542113BE1900CC0667 /* places.png in Resources */,
				AAD990412113367D00CC0667 /* Main.storyboard in Resources */,
				AAD990582113BFA700CC0667 /* emergency.png in Resources */,
				AAD9905A2113C1D800CC0667 /* picture.png in Resources */,
			);
			runOnlyForDeploymentPostprocessing = 0;
		};
/* End PBXResourcesBuildPhase section */

/* Begin PBXSourcesBuildPhase section */
		AAD990342113367D00CC0667 /* Sources */ = {
			isa = PBXSourcesBuildPhase;
			buildActionMask = 2147483647;
			files = (
				AAD9903E2113367D00CC0667 /* ViewController.swift in Sources */,
				AAD9903C2113367D00CC0667 /* AppDelegate.swift in Sources */,
			);
			runOnlyForDeploymentPostprocessing = 0;
		};
/* End PBXSourcesBuildPhase section */

/* Begin PBXVariantGroup section */
		AAD9903F2113367D00CC0667 /* Main.storyboard */ = {
			isa = PBXVariantGroup;
			children = (
				AAD990402113367D00CC0667 /* Base */,
			);
			name = Main.storyboard;
			sourceTree = "<group>";
		};
		AAD990442113367E00CC0667 /* LaunchScreen.storyboard */ = {
			isa = PBXVariantGroup;
			children = (
				AAD990452113367E00CC0667 /* Base */,
			);
			name = LaunchScreen.storyboard;
			sourceTree = "<group>";
		};
/* End PBXVariantGroup section */

/* Begin XCBuildConfiguration section */
		AAD990482113367E00CC0667 /* Debug */ = {
			isa = XCBuildConfiguration;
			buildSettings = {
				ALWAYS_SEARCH_USER_PATHS = NO;
				CLANG_ANALYZER_NONNULL = YES;
				CLANG_ANALYZER_NUMBER_OBJECT_CONVERSION = YES_AGGRESSIVE;
				CLANG_CXX_LANGUAGE_STANDARD = "gnu++14";
				CLANG_CXX_LIBRARY = "libc++";
				CLANG_ENABLE_MODULES = YES;
				CLANG_ENABLE_OBJC_ARC = YES;
				CLANG_ENABLE_OBJC_WEAK = YES;
				CLANG_WARN_BLOCK_CAPTURE_AUTORELEASING = YES;
				CLANG_WARN_BOOL_CONVERSION = YES;
				CLANG_WARN_COMMA = YES;
				CLANG_WARN_CONSTANT_CONVERSION = YES;
				CLANG_WARN_DEPRECATED_OBJC_IMPLEMENTATIONS = YES;
				CLANG_WARN_DIRECT_OBJC_ISA_USAGE = YES_ERROR;
				CLANG_WARN_DOCUMENTATION_COMMENTS = YES;
				CLANG_WARN_EMPTY_BODY = YES;
				CLANG_WARN_ENUM_CONVERSION = YES;
				CLANG_WARN_INFINITE_RECURSION = YES;
				CLANG_WARN_INT_CONVERSION = YES;
				CLANG_WARN_NON_LITERAL_NULL_CONVERSION = YES;
				CLANG_WARN_OBJC_IMPLICIT_RETAIN_SELF = YES;
				CLANG_WARN_OBJC_LITERAL_CONVERSION = YES;
				CLANG_WARN_OBJC_ROOT_CLASS = YES_ERROR;
				CLANG_WARN_RANGE_LOOP_ANALYSIS = YES;
				CLANG_WARN_STRICT_PROTOTYPES = YES;
				CLANG_WARN_SUSPICIOUS_MOVE = YES;
				CLANG_WARN_UNGUARDED_AVAILABILITY = YES_AGGRESSIVE;
				CLANG_WARN_UNREACHABLE_CODE = YES;
				CLANG_WARN__DUPLICATE_METHOD_MATCH = YES;
				CODE_SIGN_IDENTITY = "iPhone Developer";
				COPY_PHASE_STRIP = NO;
				DEBUG_INFORMATION_FORMAT = dwarf;
				ENABLE_STRICT_OBJC_MSGSEND = YES;
				ENABLE_TESTABILITY = YES;
				GCC_C_LANGUAGE_STANDARD = gnu11;
				GCC_DYNAMIC_NO_PIC = NO;
				GCC_NO_COMMON_BLOCKS = YES;
				GCC_OPTIMIZATION_LEVEL = 0;
				GCC_PREPROCESSOR_DEFINITIONS = (
					"DEBUG=1",
					"$(inherited)",
				);
				GCC_WARN_64_TO_32_BIT_CONVERSION = YES;
				GCC_WARN_ABOUT_RETURN_TYPE = YES_ERROR;
				GCC_WARN_UNDECLARED_SELECTOR = YES;
				GCC_WARN_UNINITIALIZED_AUTOS = YES_AGGRESSIVE;
				GCC_WARN_UNUSED_FUNCTION = YES;
				GCC_WARN_UNUSED_VARIABLE = YES;
				IPHONEOS_DEPLOYMENT_TARGET = 11.4;
				MTL_ENABLE_DEBUG_INFO = YES;
				ONLY_ACTIVE_ARCH = YES;
				SDKROOT = iphoneos;
				SWIFT_ACTIVE_COMPILATION_CONDITIONS = DEBUG;
				SWIFT_OPTIMIZATION_LEVEL = "-Onone";
			};
			name = Debug;
		};
		AAD990492113367E00CC0667 /* Release */ = {
			isa = XCBuildConfiguration;
			buildSettings = {
				ALWAYS_SEARCH_USER_PATHS = NO;
				CLANG_ANALYZER_NONNULL = YES;
				CLANG_ANALYZER_NUMBER_OBJECT_CONVERSION = YES_AGGRESSIVE;
				CLANG_CXX_LANGUAGE_STANDARD = "gnu++14";
				CLANG_CXX_LIBRARY = "libc++";
				CLANG_ENABLE_MODULES = YES;
				CLANG_ENABLE_OBJC_ARC = YES;
				CLANG_ENABLE_OBJC_WEAK = YES;
				CLANG_WARN_BLOCK_CAPTURE_AUTORELEASING = YES;
				CLANG_WARN_BOOL_CONVERSION = YES;
				CLANG_WARN_COMMA = YES;
				CLANG_WARN_CONSTANT_CONVERSION = YES;
				CLANG_WARN_DEPRECATED_OBJC_IMPLEMENTATIONS = YES;
				CLANG_WARN_DIRECT_OBJC_ISA_USAGE = YES_ERROR;
				CLANG_WARN_DOCUMENTATION_COMMENTS = YES;
				CLANG_WARN_EMPTY_BODY = YES;
				CLANG_WARN_ENUM_CONVERSION = YES;
				CLANG_WARN_INFINITE_RECURSION = YES;
				CLANG_WARN_INT_CONVERSION = YES;
				CLANG_WARN_NON_LITERAL_NULL_CONVERSION = YES;
				CLANG_WARN_OBJC_IMPLICIT_RETAIN_SELF = YES;
				CLANG_WARN_OBJC_LITERAL_CONVERSION = YES;
				CLANG_WARN_OBJC_ROOT_CLASS = YES_ERROR;
				CLANG_WARN_RANGE_LOOP_ANALYSIS = YES;
				CLANG_WARN_STRICT_PROTOTYPES = YES;
				CLANG_WARN_SUSPICIOUS_MOVE = YES;
				CLANG_WARN_UNGUARDED_AVAILABILITY = YES_AGGRESSIVE;
				CLANG_WARN_UNREACHABLE_CODE = YES;
				CLANG_WARN__DUPLICATE_METHOD_MATCH = YES;
				CODE_SIGN_IDENTITY = "iPhone Developer";
				COPY_PHASE_STRIP = NO;
				DEBUG_INFORMATION_FORMAT = "dwarf-with-dsym";
				ENABLE_NS_ASSERTIONS = NO;
				ENABLE_STRICT_OBJC_MSGSEND = YES;
				GCC_C_LANGUAGE_STANDARD = gnu11;
				GCC_NO_COMMON_BLOCKS = YES;
				GCC_WARN_64_TO_32_BIT_CONVERSION = YES;
				GCC_WARN_ABOUT_RETURN_TYPE = YES_ERROR;
				GCC_WARN_UNDECLARED_SELECTOR = YES;
				GCC_WARN_UNINITIALIZED_AUTOS = YES_AGGRESSIVE;
				GCC_WARN_UNUSED_FUNCTION = YES;
				GCC_WARN_UNUSED_VARIABLE = YES;
				IPHONEOS_DEPLOYMENT_TARGET = 11.4;
				MTL_ENABLE_DEBUG_INFO = NO;
				SDKROOT = iphoneos;
				SWIFT_COMPILATION_MODE = wholemodule;
				SWIFT_OPTIMIZATION_LEVEL = "-O";
				VALIDATE_PRODUCT = YES;
			};
			name = Release;
		};
		AAD9904B2113367E00CC0667 /* Debug */ = {
			isa = XCBuildConfiguration;
			buildSettings = {
				ASSETCATALOG_COMPILER_APPICON_NAME = AppIcon;
				ASSETCATALOG_COMPILER_LAUNCHIMAGE_NAME = LaunchImage;
				CODE_SIGN_STYLE = Automatic;
				INFOPLIST_FILE = iosApp/Info.plist;
				LD_RUNPATH_SEARCH_PATHS = (
					"$(inherited)",
					"@executable_path/Frameworks",
				);
				PRODUCT_BUNDLE_IDENTIFIER = com.iosapp.iosApp;
				PRODUCT_NAME = "$(TARGET_NAME)";
				SWIFT_VERSION = 4.0;
				TARGETED_DEVICE_FAMILY = "1,2";
			};
			name = Debug;
		};
		AAD9904C2113367E00CC0667 /* Release */ = {
			isa = XCBuildConfiguration;
			buildSettings = {
				ASSETCATALOG_COMPILER_APPICON_NAME = AppIcon;
				ASSETCATALOG_COMPILER_LAUNCHIMAGE_NAME = LaunchImage;
				CODE_SIGN_STYLE = Automatic;
				INFOPLIST_FILE = iosApp/Info.plist;
				LD_RUNPATH_SEARCH_PATHS = (
					"$(inherited)",
					"@executable_path/Frameworks",
				);
				PRODUCT_BUNDLE_IDENTIFIER = com.iosapp.iosApp;
				PRODUCT_NAME = "$(TARGET_NAME)";
				SWIFT_VERSION = 4.0;
				TARGETED_DEVICE_FAMILY = "1,2";
			};
			name = Release;
		};
/* End XCBuildConfiguration section */

/* Begin XCConfigurationList section */
		AAD990332113367D00CC0667 /* Build configuration list for PBXProject "iosApp" */ = {
			isa = XCConfigurationList;
			buildConfigurations = (
				AAD990482113367E00CC0667 /* Debug */,
				AAD990492113367E00CC0667 /* Release */,
			);
			defaultConfigurationIsVisible = 0;
			defaultConfigurationName = Release;
		};
		AAD9904A2113367E00CC0667 /* Build configuration list for PBXNativeTarget "iosApp" */ = {
			isa = XCConfigurationList;
			buildConfigurations = (
				AAD9904B2113367E00CC0667 /* Debug */,
				AAD9904C2113367E00CC0667 /* Release */,
			);
			defaultConfigurationIsVisible = 0;
			defaultConfigurationName = Release;
		};
/* End XCConfigurationList section */
	};
	rootObject = AAD990302113367D00CC0667 /* Project object */;
}
